// !$*UTF8*$!
{
	archiveVersion = 1;
	classes = {
	};
	objectVersion = 50;
	objects = {

/* Begin PBXBuildFile section */
		4E1263D22703DC7600136DBE /* Unmineable-icon-new.png in Resources */ = {isa = PBXBuildFile; fileRef = 4E1263D12703DC7600136DBE /* Unmineable-icon-new.png */; };
		4E1263D32703DC7600136DBE /* Unmineable-icon-new.png in Resources */ = {isa = PBXBuildFile; fileRef = 4E1263D12703DC7600136DBE /* Unmineable-icon-new.png */; };
		4E1263D42703DC7600136DBE /* Unmineable-icon-new.png in Resources */ = {isa = PBXBuildFile; fileRef = 4E1263D12703DC7600136DBE /* Unmineable-icon-new.png */; };
		4E1263D52703DC7600136DBE /* Unmineable-icon-new.png in Resources */ = {isa = PBXBuildFile; fileRef = 4E1263D12703DC7600136DBE /* Unmineable-icon-new.png */; };
		4E1263D92703E41800136DBE /* UtilColor.m in Sources */ = {isa = PBXBuildFile; fileRef = 4E1263D82703E41800136DBE /* UtilColor.m */; };
		4E1263DA2703E41800136DBE /* UtilColor.m in Sources */ = {isa = PBXBuildFile; fileRef = 4E1263D82703E41800136DBE /* UtilColor.m */; };
		4E1263DC2703E81F00136DBE /* architecture.txt in Sources */ = {isa = PBXBuildFile; fileRef = 4E1263DB2703E81F00136DBE /* architecture.txt */; };
		4E1263DD2703E81F00136DBE /* architecture.txt in Sources */ = {isa = PBXBuildFile; fileRef = 4E1263DB2703E81F00136DBE /* architecture.txt */; };
		4E269B5726CCE61000BF0353 /* UnmineableTextField.m in Sources */ = {isa = PBXBuildFile; fileRef = 4E269B5626CCE61000BF0353 /* UnmineableTextField.m */; };
		4E269B5926D02F8B00BF0353 /* api_docs.txt in Resources */ = {isa = PBXBuildFile; fileRef = 4E269B5826D02F8B00BF0353 /* api_docs.txt */; };
		4E269B5B26D032AA00BF0353 /* architecture.txt in Resources */ = {isa = PBXBuildFile; fileRef = 4E269B5A26D032AA00BF0353 /* architecture.txt */; };
		4E269B5E26D145F000BF0353 /* UnmineableTextFieldCell.m in Sources */ = {isa = PBXBuildFile; fileRef = 4E269B5D26D145F000BF0353 /* UnmineableTextFieldCell.m */; };
		4E366B7D26D5C0F9006C6D64 /* UnmineableWindow.m in Sources */ = {isa = PBXBuildFile; fileRef = 4E366B7C26D5C0F9006C6D64 /* UnmineableWindow.m */; };
		4E56F15826FD4B5E00C0B4DC /* FredokaOne-Regular.ttf in Resources */ = {isa = PBXBuildFile; fileRef = 4E5803FD26FBC24B00A08725 /* FredokaOne-Regular.ttf */; };
		4E56F15926FD4B5E00C0B4DC /* FredokaOne-Regular.ttf in Resources */ = {isa = PBXBuildFile; fileRef = 4E5803FD26FBC24B00A08725 /* FredokaOne-Regular.ttf */; };
		4E56F15B26FD4B9400C0B4DC /* Poppins-Regular.ttf in Resources */ = {isa = PBXBuildFile; fileRef = 4E5803FB26FBC22C00A08725 /* Poppins-Regular.ttf */; };
		4E56F15C26FD4B9500C0B4DC /* Poppins-Regular.ttf in Resources */ = {isa = PBXBuildFile; fileRef = 4E5803FB26FBC22C00A08725 /* Poppins-Regular.ttf */; };
		4E5803FC26FBC22C00A08725 /* Poppins-Regular.ttf in Resources */ = {isa = PBXBuildFile; fileRef = 4E5803FB26FBC22C00A08725 /* Poppins-Regular.ttf */; };
		4E5803FE26FBC24B00A08725 /* FredokaOne-Regular.ttf in Resources */ = {isa = PBXBuildFile; fileRef = 4E5803FD26FBC24B00A08725 /* FredokaOne-Regular.ttf */; };
		4E58B1FB26EFC35F00C99C48 /* address_list.plist in Resources */ = {isa = PBXBuildFile; fileRef = 4E58B1FA26EFC35F00C99C48 /* address_list.plist */; };
		4EA6D23726F4B83400C1AA9C /* AppDelegate.m in Sources */ = {isa = PBXBuildFile; fileRef = 4EA6D23626F4B83400C1AA9C /* AppDelegate.m */; };
		4EA6D23D26F4B83400C1AA9C /* ViewController.m in Sources */ = {isa = PBXBuildFile; fileRef = 4EA6D23C26F4B83400C1AA9C /* ViewController.m */; };
		4EA6D24026F4B83400C1AA9C /* Main.storyboard in Resources */ = {isa = PBXBuildFile; fileRef = 4EA6D23E26F4B83400C1AA9C /* Main.storyboard */; };
		4EA6D24226F4B83500C1AA9C /* Assets.xcassets in Resources */ = {isa = PBXBuildFile; fileRef = 4EA6D24126F4B83500C1AA9C /* Assets.xcassets */; };
		4EA6D24526F4B83500C1AA9C /* LaunchScreen.storyboard in Resources */ = {isa = PBXBuildFile; fileRef = 4EA6D24326F4B83500C1AA9C /* LaunchScreen.storyboard */; };
		4EA6D24826F4B83500C1AA9C /* main.m in Sources */ = {isa = PBXBuildFile; fileRef = 4EA6D24726F4B83500C1AA9C /* main.m */; };
		4EA8EFAE2702A3060022D0AA /* Poppins-Regular.ttf in Resources */ = {isa = PBXBuildFile; fileRef = 4E5803FB26FBC22C00A08725 /* Poppins-Regular.ttf */; };
		4EA8EFAF2702A30F0022D0AA /* FredokaOne-Regular.ttf in Resources */ = {isa = PBXBuildFile; fileRef = 4E5803FD26FBC24B00A08725 /* FredokaOne-Regular.ttf */; };
		4EAB217B26C79C020088B934 /* MainViewController.m in Sources */ = {isa = PBXBuildFile; fileRef = 4EAB217A26C79C020088B934 /* MainViewController.m */; };
		4EAD700326D9AFA1003CC3BB /* NetworkRequest.m in Sources */ = {isa = PBXBuildFile; fileRef = 4E366B7F26D8A670006C6D64 /* NetworkRequest.m */; };
		4EAD700626DAD26B003CC3BB /* UnmineableMainView.m in Sources */ = {isa = PBXBuildFile; fileRef = 4EAD700526DAD26B003CC3BB /* UnmineableMainView.m */; };
		4EAD701326DD8D15003CC3BB /* NSMenu.m in Sources */ = {isa = PBXBuildFile; fileRef = 4EAD701226DD8D15003CC3BB /* NSMenu.m */; };
		4EE5313D26F6D773006EB98A /* Interface.storyboard in Resources */ = {isa = PBXBuildFile; fileRef = 4EE5313B26F6D773006EB98A /* Interface.storyboard */; };
		4EE5313F26F6D775006EB98A /* Assets.xcassets in Resources */ = {isa = PBXBuildFile; fileRef = 4EE5313E26F6D775006EB98A /* Assets.xcassets */; };
		4EE5314626F6D775006EB98A /* Unmineable-Watch Extension.appex in Embed App Extensions */ = {isa = PBXBuildFile; fileRef = 4EE5314526F6D775006EB98A /* Unmineable-Watch Extension.appex */; settings = {ATTRIBUTES = (RemoveHeadersOnCopy, ); }; };
		4EE5314C26F6D775006EB98A /* InterfaceController.m in Sources */ = {isa = PBXBuildFile; fileRef = 4EE5314B26F6D775006EB98A /* InterfaceController.m */; };
		4EE5314F26F6D775006EB98A /* ExtensionDelegate.m in Sources */ = {isa = PBXBuildFile; fileRef = 4EE5314E26F6D775006EB98A /* ExtensionDelegate.m */; };
		4EE5315226F6D775006EB98A /* NotificationController.m in Sources */ = {isa = PBXBuildFile; fileRef = 4EE5315126F6D775006EB98A /* NotificationController.m */; };
		4EE5315426F6D775006EB98A /* Assets.xcassets in Resources */ = {isa = PBXBuildFile; fileRef = 4EE5315326F6D775006EB98A /* Assets.xcassets */; };
		4EE5315926F6D775006EB98A /* Unmineable-Watch.app in Embed Watch Content */ = {isa = PBXBuildFile; fileRef = 4EE5313926F6D773006EB98A /* Unmineable-Watch.app */; settings = {ATTRIBUTES = (RemoveHeadersOnCopy, ); }; };
		4EE5D96C26CA667900DB1AB7 /* Util.m in Sources */ = {isa = PBXBuildFile; fileRef = 4EE5D96B26CA667900DB1AB7 /* Util.m */; };
		4EE5D97026CB23B400DB1AB7 /* UtilColor.m in Sources */ = {isa = PBXBuildFile; fileRef = 4EE5D96F26CB23B400DB1AB7 /* UtilColor.m */; };
		4EE7D68126C76B7600FBC879 /* AppDelegate.m in Sources */ = {isa = PBXBuildFile; fileRef = 4EE7D68026C76B7600FBC879 /* AppDelegate.m */; };
		4EE7D68626C76B7600FBC879 /* Assets.xcassets in Resources */ = {isa = PBXBuildFile; fileRef = 4EE7D68526C76B7600FBC879 /* Assets.xcassets */; };
		4EE7D68926C76B7600FBC879 /* Main.storyboard in Resources */ = {isa = PBXBuildFile; fileRef = 4EE7D68726C76B7600FBC879 /* Main.storyboard */; };
		4EE7D68C26C76B7600FBC879 /* main.m in Sources */ = {isa = PBXBuildFile; fileRef = 4EE7D68B26C76B7600FBC879 /* main.m */; };
/* End PBXBuildFile section */

/* Begin PBXContainerItemProxy section */
		4EE5314726F6D775006EB98A /* PBXContainerItemProxy */ = {
			isa = PBXContainerItemProxy;
			containerPortal = 4EE7D67426C76B7600FBC879 /* Project object */;
			proxyType = 1;
			remoteGlobalIDString = 4EE5314426F6D775006EB98A;
			remoteInfo = "Unmineable-Watch Extension";
		};
		4EE5315726F6D775006EB98A /* PBXContainerItemProxy */ = {
			isa = PBXContainerItemProxy;
			containerPortal = 4EE7D67426C76B7600FBC879 /* Project object */;
			proxyType = 1;
			remoteGlobalIDString = 4EE5313826F6D773006EB98A;
			remoteInfo = "Unmineable-Watch";
		};
/* End PBXContainerItemProxy section */

/* Begin PBXCopyFilesBuildPhase section */
		4ECCD53726F4BA5C007F7229 /* Embed Watch Content */ = {
			isa = PBXCopyFilesBuildPhase;
			buildActionMask = 2147483647;
			dstPath = "$(CONTENTS_FOLDER_PATH)/Watch";
			dstSubfolderSpec = 16;
			files = (
				4EE5315926F6D775006EB98A /* Unmineable-Watch.app in Embed Watch Content */,
			);
			name = "Embed Watch Content";
			runOnlyForDeploymentPostprocessing = 0;
		};
		4EE5315D26F6D775006EB98A /* Embed App Extensions */ = {
			isa = PBXCopyFilesBuildPhase;
			buildActionMask = 2147483647;
			dstPath = "";
			dstSubfolderSpec = 13;
			files = (
				4EE5314626F6D775006EB98A /* Unmineable-Watch Extension.appex in Embed App Extensions */,
			);
			name = "Embed App Extensions";
			runOnlyForDeploymentPostprocessing = 0;
		};
/* End PBXCopyFilesBuildPhase section */

/* Begin PBXFileReference section */
		4E1263D12703DC7600136DBE /* Unmineable-icon-new.png */ = {isa = PBXFileReference; lastKnownFileType = image.png; name = "Unmineable-icon-new.png"; path = "../../../../Downloads/Unmineable-icon-new.png"; sourceTree = "<group>"; };
		4E1263D72703E41800136DBE /* UtilColor.h */ = {isa = PBXFileReference; lastKnownFileType = sourcecode.c.h; path = UtilColor.h; sourceTree = "<group>"; };
		4E1263D82703E41800136DBE /* UtilColor.m */ = {isa = PBXFileReference; lastKnownFileType = sourcecode.c.objc; path = UtilColor.m; sourceTree = "<group>"; };
		4E1263DB2703E81F00136DBE /* architecture.txt */ = {isa = PBXFileReference; lastKnownFileType = text; path = architecture.txt; sourceTree = "<group>"; };
		4E269B5526CCE61000BF0353 /* UnmineableTextField.h */ = {isa = PBXFileReference; lastKnownFileType = sourcecode.c.h; path = UnmineableTextField.h; sourceTree = "<group>"; };
		4E269B5626CCE61000BF0353 /* UnmineableTextField.m */ = {isa = PBXFileReference; lastKnownFileType = sourcecode.c.objc; path = UnmineableTextField.m; sourceTree = "<group>"; };
		4E269B5826D02F8B00BF0353 /* api_docs.txt */ = {isa = PBXFileReference; lastKnownFileType = text; path = api_docs.txt; sourceTree = "<group>"; };
		4E269B5A26D032AA00BF0353 /* architecture.txt */ = {isa = PBXFileReference; lastKnownFileType = text; path = architecture.txt; sourceTree = "<group>"; };
		4E269B5C26D145F000BF0353 /* UnmineableTextFieldCell.h */ = {isa = PBXFileReference; lastKnownFileType = sourcecode.c.h; path = UnmineableTextFieldCell.h; sourceTree = "<group>"; };
		4E269B5D26D145F000BF0353 /* UnmineableTextFieldCell.m */ = {isa = PBXFileReference; lastKnownFileType = sourcecode.c.objc; path = UnmineableTextFieldCell.m; sourceTree = "<group>"; };
		4E366B7B26D5C0F9006C6D64 /* UnmineableWindow.h */ = {isa = PBXFileReference; lastKnownFileType = sourcecode.c.h; path = UnmineableWindow.h; sourceTree = "<group>"; };
		4E366B7C26D5C0F9006C6D64 /* UnmineableWindow.m */ = {isa = PBXFileReference; lastKnownFileType = sourcecode.c.objc; path = UnmineableWindow.m; sourceTree = "<group>"; };
		4E366B7E26D8A5FD006C6D64 /* NetworkRequest.h */ = {isa = PBXFileReference; lastKnownFileType = sourcecode.c.h; path = NetworkRequest.h; sourceTree = "<group>"; };
		4E366B7F26D8A670006C6D64 /* NetworkRequest.m */ = {isa = PBXFileReference; lastKnownFileType = sourcecode.c.objc; path = NetworkRequest.m; sourceTree = "<group>"; };
		4E5803FB26FBC22C00A08725 /* Poppins-Regular.ttf */ = {isa = PBXFileReference; lastKnownFileType = file; path = "Poppins-Regular.ttf"; sourceTree = "<group>"; };
		4E5803FD26FBC24B00A08725 /* FredokaOne-Regular.ttf */ = {isa = PBXFileReference; lastKnownFileType = file; path = "FredokaOne-Regular.ttf"; sourceTree = "<group>"; };
		4E58B1FA26EFC35F00C99C48 /* address_list.plist */ = {isa = PBXFileReference; lastKnownFileType = text.plist.xml; path = address_list.plist; sourceTree = "<group>"; };
		4EA6D23326F4B83300C1AA9C /* Unmineable-iOS.app */ = {isa = PBXFileReference; explicitFileType = wrapper.application; includeInIndex = 0; path = "Unmineable-iOS.app"; sourceTree = BUILT_PRODUCTS_DIR; };
		4EA6D23526F4B83400C1AA9C /* AppDelegate.h */ = {isa = PBXFileReference; lastKnownFileType = sourcecode.c.h; path = AppDelegate.h; sourceTree = "<group>"; };
		4EA6D23626F4B83400C1AA9C /* AppDelegate.m */ = {isa = PBXFileReference; lastKnownFileType = sourcecode.c.objc; path = AppDelegate.m; sourceTree = "<group>"; };
		4EA6D23B26F4B83400C1AA9C /* ViewController.h */ = {isa = PBXFileReference; lastKnownFileType = sourcecode.c.h; path = ViewController.h; sourceTree = "<group>"; };
		4EA6D23C26F4B83400C1AA9C /* ViewController.m */ = {isa = PBXFileReference; lastKnownFileType = sourcecode.c.objc; path = ViewController.m; sourceTree = "<group>"; };
		4EA6D23F26F4B83400C1AA9C /* Base */ = {isa = PBXFileReference; lastKnownFileType = file.storyboard; name = Base; path = Base.lproj/Main.storyboard; sourceTree = "<group>"; };
		4EA6D24126F4B83500C1AA9C /* Assets.xcassets */ = {isa = PBXFileReference; lastKnownFileType = folder.assetcatalog; path = Assets.xcassets; sourceTree = "<group>"; };
		4EA6D24426F4B83500C1AA9C /* Base */ = {isa = PBXFileReference; lastKnownFileType = file.storyboard; name = Base; path = Base.lproj/LaunchScreen.storyboard; sourceTree = "<group>"; };
		4EA6D24626F4B83500C1AA9C /* Info.plist */ = {isa = PBXFileReference; lastKnownFileType = text.plist.xml; path = Info.plist; sourceTree = "<group>"; };
		4EA6D24726F4B83500C1AA9C /* main.m */ = {isa = PBXFileReference; lastKnownFileType = sourcecode.c.objc; path = main.m; sourceTree = "<group>"; };
		4EAB217926C79C020088B934 /* MainViewController.h */ = {isa = PBXFileReference; lastKnownFileType = sourcecode.c.h; path = MainViewController.h; sourceTree = "<group>"; };
		4EAB217A26C79C020088B934 /* MainViewController.m */ = {isa = PBXFileReference; lastKnownFileType = sourcecode.c.objc; path = MainViewController.m; sourceTree = "<group>"; };
		4EAD700426DAD26B003CC3BB /* UnmineableMainView.h */ = {isa = PBXFileReference; lastKnownFileType = sourcecode.c.h; path = UnmineableMainView.h; sourceTree = "<group>"; };
		4EAD700526DAD26B003CC3BB /* UnmineableMainView.m */ = {isa = PBXFileReference; lastKnownFileType = sourcecode.c.objc; path = UnmineableMainView.m; sourceTree = "<group>"; };
		4EAD701126DD8D15003CC3BB /* NSMenu.h */ = {isa = PBXFileReference; lastKnownFileType = sourcecode.c.h; path = NSMenu.h; sourceTree = "<group>"; };
		4EAD701226DD8D15003CC3BB /* NSMenu.m */ = {isa = PBXFileReference; lastKnownFileType = sourcecode.c.objc; path = NSMenu.m; sourceTree = "<group>"; };
		4EE5313926F6D773006EB98A /* Unmineable-Watch.app */ = {isa = PBXFileReference; explicitFileType = wrapper.application; includeInIndex = 0; path = "Unmineable-Watch.app"; sourceTree = BUILT_PRODUCTS_DIR; };
		4EE5313C26F6D773006EB98A /* Base */ = {isa = PBXFileReference; lastKnownFileType = file.storyboard; name = Base; path = Base.lproj/Interface.storyboard; sourceTree = "<group>"; };
		4EE5313E26F6D775006EB98A /* Assets.xcassets */ = {isa = PBXFileReference; lastKnownFileType = folder.assetcatalog; path = Assets.xcassets; sourceTree = "<group>"; };
		4EE5314026F6D775006EB98A /* Info.plist */ = {isa = PBXFileReference; lastKnownFileType = text.plist.xml; path = Info.plist; sourceTree = "<group>"; };
		4EE5314526F6D775006EB98A /* Unmineable-Watch Extension.appex */ = {isa = PBXFileReference; explicitFileType = "wrapper.app-extension"; includeInIndex = 0; path = "Unmineable-Watch Extension.appex"; sourceTree = BUILT_PRODUCTS_DIR; };
		4EE5314A26F6D775006EB98A /* InterfaceController.h */ = {isa = PBXFileReference; lastKnownFileType = sourcecode.c.h; path = InterfaceController.h; sourceTree = "<group>"; };
		4EE5314B26F6D775006EB98A /* InterfaceController.m */ = {isa = PBXFileReference; lastKnownFileType = sourcecode.c.objc; path = InterfaceController.m; sourceTree = "<group>"; };
		4EE5314D26F6D775006EB98A /* ExtensionDelegate.h */ = {isa = PBXFileReference; lastKnownFileType = sourcecode.c.h; path = ExtensionDelegate.h; sourceTree = "<group>"; };
		4EE5314E26F6D775006EB98A /* ExtensionDelegate.m */ = {isa = PBXFileReference; lastKnownFileType = sourcecode.c.objc; path = ExtensionDelegate.m; sourceTree = "<group>"; };
		4EE5315026F6D775006EB98A /* NotificationController.h */ = {isa = PBXFileReference; lastKnownFileType = sourcecode.c.h; path = NotificationController.h; sourceTree = "<group>"; };
		4EE5315126F6D775006EB98A /* NotificationController.m */ = {isa = PBXFileReference; lastKnownFileType = sourcecode.c.objc; path = NotificationController.m; sourceTree = "<group>"; };
		4EE5315326F6D775006EB98A /* Assets.xcassets */ = {isa = PBXFileReference; lastKnownFileType = folder.assetcatalog; path = Assets.xcassets; sourceTree = "<group>"; };
		4EE5315526F6D775006EB98A /* Info.plist */ = {isa = PBXFileReference; lastKnownFileType = text.plist.xml; path = Info.plist; sourceTree = "<group>"; };
		4EE5315626F6D775006EB98A /* PushNotificationPayload.apns */ = {isa = PBXFileReference; lastKnownFileType = text; path = PushNotificationPayload.apns; sourceTree = "<group>"; };
		4EE5D96B26CA667900DB1AB7 /* Util.m */ = {isa = PBXFileReference; lastKnownFileType = sourcecode.c.objc; path = Util.m; sourceTree = "<group>"; };
		4EE5D96D26CA66A100DB1AB7 /* Util.h */ = {isa = PBXFileReference; lastKnownFileType = sourcecode.c.h; path = Util.h; sourceTree = "<group>"; };
		4EE5D96F26CB23B400DB1AB7 /* UtilColor.m */ = {isa = PBXFileReference; lastKnownFileType = sourcecode.c.objc; path = UtilColor.m; sourceTree = "<group>"; };
		4EE5D97226CB23F600DB1AB7 /* UtilColor.h */ = {isa = PBXFileReference; lastKnownFileType = sourcecode.c.h; path = UtilColor.h; sourceTree = "<group>"; };
		4EE7D67C26C76B7600FBC879 /* Unmineable.app */ = {isa = PBXFileReference; explicitFileType = wrapper.application; includeInIndex = 0; path = Unmineable.app; sourceTree = BUILT_PRODUCTS_DIR; };
		4EE7D67F26C76B7600FBC879 /* AppDelegate.h */ = {isa = PBXFileReference; lastKnownFileType = sourcecode.c.h; path = AppDelegate.h; sourceTree = "<group>"; };
		4EE7D68026C76B7600FBC879 /* AppDelegate.m */ = {isa = PBXFileReference; lastKnownFileType = sourcecode.c.objc; path = AppDelegate.m; sourceTree = "<group>"; };
		4EE7D68526C76B7600FBC879 /* Assets.xcassets */ = {isa = PBXFileReference; lastKnownFileType = folder.assetcatalog; path = Assets.xcassets; sourceTree = "<group>"; };
		4EE7D68826C76B7600FBC879 /* Base */ = {isa = PBXFileReference; lastKnownFileType = file.storyboard; name = Base; path = Base.lproj/Main.storyboard; sourceTree = "<group>"; };
		4EE7D68A26C76B7600FBC879 /* Info.plist */ = {isa = PBXFileReference; lastKnownFileType = text.plist.xml; path = Info.plist; sourceTree = "<group>"; };
		4EE7D68B26C76B7600FBC879 /* main.m */ = {isa = PBXFileReference; lastKnownFileType = sourcecode.c.objc; path = main.m; sourceTree = "<group>"; };
		4EE7D68D26C76B7600FBC879 /* Unmineable.entitlements */ = {isa = PBXFileReference; lastKnownFileType = text.plist.entitlements; path = Unmineable.entitlements; sourceTree = "<group>"; };
		4EE7D6B026C76E9C00FBC879 /* Cocoa.framework */ = {isa = PBXFileReference; lastKnownFileType = wrapper.framework; name = Cocoa.framework; path = System/Library/Frameworks/Cocoa.framework; sourceTree = SDKROOT; };
/* End PBXFileReference section */

/* Begin PBXFrameworksBuildPhase section */
		4EA6D23026F4B83300C1AA9C /* Frameworks */ = {
			isa = PBXFrameworksBuildPhase;
			buildActionMask = 2147483647;
			files = (
			);
			runOnlyForDeploymentPostprocessing = 0;
		};
		4EE5314226F6D775006EB98A /* Frameworks */ = {
			isa = PBXFrameworksBuildPhase;
			buildActionMask = 2147483647;
			files = (
			);
			runOnlyForDeploymentPostprocessing = 0;
		};
		4EE7D67926C76B7600FBC879 /* Frameworks */ = {
			isa = PBXFrameworksBuildPhase;
			buildActionMask = 2147483647;
			files = (
			);
			runOnlyForDeploymentPostprocessing = 0;
		};
/* End PBXFrameworksBuildPhase section */

/* Begin PBXGroup section */
		4E1263D62703E3DE00136DBE /* iOSUtil */ = {
			isa = PBXGroup;
			children = (
				4E1263D72703E41800136DBE /* UtilColor.h */,
				4E1263D82703E41800136DBE /* UtilColor.m */,
			);
			path = iOSUtil;
			sourceTree = "<group>";
		};
		4E269B5426CCE5DB00BF0353 /* class */ = {
			isa = PBXGroup;
			children = (
				4E269B5526CCE61000BF0353 /* UnmineableTextField.h */,
				4E269B5626CCE61000BF0353 /* UnmineableTextField.m */,
				4E269B5C26D145F000BF0353 /* UnmineableTextFieldCell.h */,
				4E269B5D26D145F000BF0353 /* UnmineableTextFieldCell.m */,
				4E366B7B26D5C0F9006C6D64 /* UnmineableWindow.h */,
				4E366B7C26D5C0F9006C6D64 /* UnmineableWindow.m */,
				4EAD700426DAD26B003CC3BB /* UnmineableMainView.h */,
				4EAD700526DAD26B003CC3BB /* UnmineableMainView.m */,
			);
			path = class;
			sourceTree = "<group>";
		};
		4E56F15A26FD4B8000C0B4DC /* Resources */ = {
			isa = PBXGroup;
			children = (
				4E1263D12703DC7600136DBE /* Unmineable-icon-new.png */,
				4E5803FD26FBC24B00A08725 /* FredokaOne-Regular.ttf */,
				4E5803FB26FBC22C00A08725 /* Poppins-Regular.ttf */,
			);
			path = Resources;
			sourceTree = "<group>";
		};
		4EA6D23426F4B83300C1AA9C /* Unmineable-iOS */ = {
			isa = PBXGroup;
			children = (
				4EA6D23526F4B83400C1AA9C /* AppDelegate.h */,
				4EA6D23626F4B83400C1AA9C /* AppDelegate.m */,
				4EA6D23B26F4B83400C1AA9C /* ViewController.h */,
				4EA6D23C26F4B83400C1AA9C /* ViewController.m */,
				4EA6D23E26F4B83400C1AA9C /* Main.storyboard */,
				4EA6D24126F4B83500C1AA9C /* Assets.xcassets */,
				4EA6D24326F4B83500C1AA9C /* LaunchScreen.storyboard */,
				4EA6D24626F4B83500C1AA9C /* Info.plist */,
				4EA6D24726F4B83500C1AA9C /* main.m */,
				4E1263DB2703E81F00136DBE /* architecture.txt */,
			);
			path = "Unmineable-iOS";
			sourceTree = "<group>";
		};
		4EE5313A26F6D773006EB98A /* Unmineable-Watch */ = {
			isa = PBXGroup;
			children = (
				4EE5313B26F6D773006EB98A /* Interface.storyboard */,
				4EE5313E26F6D775006EB98A /* Assets.xcassets */,
				4EE5314026F6D775006EB98A /* Info.plist */,
			);
			path = "Unmineable-Watch";
			sourceTree = "<group>";
		};
		4EE5314926F6D775006EB98A /* Unmineable-Watch Extension */ = {
			isa = PBXGroup;
			children = (
				4EE5314A26F6D775006EB98A /* InterfaceController.h */,
				4EE5314B26F6D775006EB98A /* InterfaceController.m */,
				4EE5314D26F6D775006EB98A /* ExtensionDelegate.h */,
				4EE5314E26F6D775006EB98A /* ExtensionDelegate.m */,
				4EE5315026F6D775006EB98A /* NotificationController.h */,
				4EE5315126F6D775006EB98A /* NotificationController.m */,
				4EE5315326F6D775006EB98A /* Assets.xcassets */,
				4EE5315526F6D775006EB98A /* Info.plist */,
				4EE5315626F6D775006EB98A /* PushNotificationPayload.apns */,
			);
			path = "Unmineable-Watch Extension";
			sourceTree = "<group>";
		};
		4EE5D96A26CA607B00DB1AB7 /* util */ = {
			isa = PBXGroup;
			children = (
				4EE5D96E26CB238900DB1AB7 /* Util.Color */,
				4EE5D96B26CA667900DB1AB7 /* Util.m */,
				4EE5D96D26CA66A100DB1AB7 /* Util.h */,
				4E366B7E26D8A5FD006C6D64 /* NetworkRequest.h */,
				4E366B7F26D8A670006C6D64 /* NetworkRequest.m */,
				4EAD701126DD8D15003CC3BB /* NSMenu.h */,
				4EAD701226DD8D15003CC3BB /* NSMenu.m */,
			);
			path = util;
			sourceTree = "<group>";
		};
		4EE5D96E26CB238900DB1AB7 /* Util.Color */ = {
			isa = PBXGroup;
			children = (
				4EE5D96F26CB23B400DB1AB7 /* UtilColor.m */,
				4EE5D97226CB23F600DB1AB7 /* UtilColor.h */,
			);
			path = Util.Color;
			sourceTree = "<group>";
		};
		4EE7D67326C76B7600FBC879 = {
			isa = PBXGroup;
			children = (
				4E1263D62703E3DE00136DBE /* iOSUtil */,
				4E56F15A26FD4B8000C0B4DC /* Resources */,
				4EE7D67E26C76B7600FBC879 /* Unmineable */,
				4EA6D23426F4B83300C1AA9C /* Unmineable-iOS */,
				4EE5313A26F6D773006EB98A /* Unmineable-Watch */,
				4EE5314926F6D775006EB98A /* Unmineable-Watch Extension */,
				4EE7D67D26C76B7600FBC879 /* Products */,
				4EE7D6AF26C76E9C00FBC879 /* Frameworks */,
			);
			sourceTree = "<group>";
		};
		4EE7D67D26C76B7600FBC879 /* Products */ = {
			isa = PBXGroup;
			children = (
				4EE7D67C26C76B7600FBC879 /* Unmineable.app */,
				4EA6D23326F4B83300C1AA9C /* Unmineable-iOS.app */,
				4EE5313926F6D773006EB98A /* Unmineable-Watch.app */,
				4EE5314526F6D775006EB98A /* Unmineable-Watch Extension.appex */,
			);
			name = Products;
			sourceTree = "<group>";
		};
		4EE7D67E26C76B7600FBC879 /* Unmineable */ = {
			isa = PBXGroup;
			children = (
				4E269B5426CCE5DB00BF0353 /* class */,
				4EE5D96A26CA607B00DB1AB7 /* util */,
				4EE7D67F26C76B7600FBC879 /* AppDelegate.h */,
				4EE7D68026C76B7600FBC879 /* AppDelegate.m */,
				4EAB217926C79C020088B934 /* MainViewController.h */,
				4EAB217A26C79C020088B934 /* MainViewController.m */,
				4EE7D68526C76B7600FBC879 /* Assets.xcassets */,
				4EE7D68726C76B7600FBC879 /* Main.storyboard */,
				4EE7D68A26C76B7600FBC879 /* Info.plist */,
				4EE7D68B26C76B7600FBC879 /* main.m */,
				4EE7D68D26C76B7600FBC879 /* Unmineable.entitlements */,
				4E269B5826D02F8B00BF0353 /* api_docs.txt */,
				4E269B5A26D032AA00BF0353 /* architecture.txt */,
				4E58B1FA26EFC35F00C99C48 /* address_list.plist */,
			);
			path = Unmineable;
			sourceTree = "<group>";
		};
		4EE7D6AF26C76E9C00FBC879 /* Frameworks */ = {
			isa = PBXGroup;
			children = (
				4EE7D6B026C76E9C00FBC879 /* Cocoa.framework */,
			);
			name = Frameworks;
			sourceTree = "<group>";
		};
/* End PBXGroup section */

/* Begin PBXNativeTarget section */
		4EA6D23226F4B83300C1AA9C /* Unmineable-iOS */ = {
			isa = PBXNativeTarget;
			buildConfigurationList = 4EA6D26526F4B83500C1AA9C /* Build configuration list for PBXNativeTarget "Unmineable-iOS" */;
			buildPhases = (
				4EA6D22F26F4B83300C1AA9C /* Sources */,
				4EA6D23026F4B83300C1AA9C /* Frameworks */,
				4EA6D23126F4B83300C1AA9C /* Resources */,
				4ECCD53726F4BA5C007F7229 /* Embed Watch Content */,
			);
			buildRules = (
			);
			dependencies = (
				4EE5315826F6D775006EB98A /* PBXTargetDependency */,
			);
			name = "Unmineable-iOS";
			productName = "Unmineable-iOS";
			productReference = 4EA6D23326F4B83300C1AA9C /* Unmineable-iOS.app */;
			productType = "com.apple.product-type.application";
		};
		4EE5313826F6D773006EB98A /* Unmineable-Watch */ = {
			isa = PBXNativeTarget;
			buildConfigurationList = 4EE5315E26F6D775006EB98A /* Build configuration list for PBXNativeTarget "Unmineable-Watch" */;
			buildPhases = (
				4EE5313726F6D773006EB98A /* Resources */,
				4EE5315D26F6D775006EB98A /* Embed App Extensions */,
			);
			buildRules = (
			);
			dependencies = (
				4EE5314826F6D775006EB98A /* PBXTargetDependency */,
			);
			name = "Unmineable-Watch";
			productName = "Unmineable-Watch";
			productReference = 4EE5313926F6D773006EB98A /* Unmineable-Watch.app */;
			productType = "com.apple.product-type.application.watchapp2";
		};
		4EE5314426F6D775006EB98A /* Unmineable-Watch Extension */ = {
			isa = PBXNativeTarget;
			buildConfigurationList = 4EE5315A26F6D775006EB98A /* Build configuration list for PBXNativeTarget "Unmineable-Watch Extension" */;
			buildPhases = (
				4EE5314126F6D775006EB98A /* Sources */,
				4EE5314226F6D775006EB98A /* Frameworks */,
				4EE5314326F6D775006EB98A /* Resources */,
			);
			buildRules = (
			);
			dependencies = (
			);
			name = "Unmineable-Watch Extension";
			productName = "Unmineable-Watch Extension";
			productReference = 4EE5314526F6D775006EB98A /* Unmineable-Watch Extension.appex */;
			productType = "com.apple.product-type.watchkit2-extension";
		};
		4EE7D67B26C76B7600FBC879 /* Unmineable */ = {
			isa = PBXNativeTarget;
			buildConfigurationList = 4EE7D6A626C76B7600FBC879 /* Build configuration list for PBXNativeTarget "Unmineable" */;
			buildPhases = (
				4EE7D67826C76B7600FBC879 /* Sources */,
				4EE7D67926C76B7600FBC879 /* Frameworks */,
				4EE7D67A26C76B7600FBC879 /* Resources */,
			);
			buildRules = (
			);
			dependencies = (
			);
			name = Unmineable;
			productName = Unmineable;
			productReference = 4EE7D67C26C76B7600FBC879 /* Unmineable.app */;
			productType = "com.apple.product-type.application";
		};
/* End PBXNativeTarget section */

/* Begin PBXProject section */
		4EE7D67426C76B7600FBC879 /* Project object */ = {
			isa = PBXProject;
			attributes = {
				LastUpgradeCheck = 1010;
				ORGANIZATIONNAME = mau5atron;
				TargetAttributes = {
					4EA6D23226F4B83300C1AA9C = {
						CreatedOnToolsVersion = 11.3.1;
					};
					4EE5313826F6D773006EB98A = {
						CreatedOnToolsVersion = 11.3.1;
					};
					4EE5314426F6D775006EB98A = {
						CreatedOnToolsVersion = 11.3.1;
					};
					4EE7D67B26C76B7600FBC879 = {
						CreatedOnToolsVersion = 10.1;
					};
				};
			};
			buildConfigurationList = 4EE7D67726C76B7600FBC879 /* Build configuration list for PBXProject "Unmineable" */;
			compatibilityVersion = "Xcode 9.3";
			developmentRegion = en;
			hasScannedForEncodings = 0;
			knownRegions = (
				en,
				Base,
			);
			mainGroup = 4EE7D67326C76B7600FBC879;
			productRefGroup = 4EE7D67D26C76B7600FBC879 /* Products */;
			projectDirPath = "";
			projectRoot = "";
			targets = (
				4EE7D67B26C76B7600FBC879 /* Unmineable */,
				4EA6D23226F4B83300C1AA9C /* Unmineable-iOS */,
				4EE5313826F6D773006EB98A /* Unmineable-Watch */,
				4EE5314426F6D775006EB98A /* Unmineable-Watch Extension */,
			);
		};
/* End PBXProject section */

/* Begin PBXResourcesBuildPhase section */
		4EA6D23126F4B83300C1AA9C /* Resources */ = {
			isa = PBXResourcesBuildPhase;
			buildActionMask = 2147483647;
			files = (
				4E5803FE26FBC24B00A08725 /* FredokaOne-Regular.ttf in Resources */,
				4E5803FC26FBC22C00A08725 /* Poppins-Regular.ttf in Resources */,
				4EA6D24526F4B83500C1AA9C /* LaunchScreen.storyboard in Resources */,
				4E1263D32703DC7600136DBE /* Unmineable-icon-new.png in Resources */,
				4EA6D24226F4B83500C1AA9C /* Assets.xcassets in Resources */,
				4EA6D24026F4B83400C1AA9C /* Main.storyboard in Resources */,
			);
			runOnlyForDeploymentPostprocessing = 0;
		};
		4EE5313726F6D773006EB98A /* Resources */ = {
			isa = PBXResourcesBuildPhase;
			buildActionMask = 2147483647;
			files = (
				4EE5313F26F6D775006EB98A /* Assets.xcassets in Resources */,
				4EE5313D26F6D773006EB98A /* Interface.storyboard in Resources */,
				4E56F15826FD4B5E00C0B4DC /* FredokaOne-Regular.ttf in Resources */,
				4E56F15B26FD4B9400C0B4DC /* Poppins-Regular.ttf in Resources */,
				4E1263D42703DC7600136DBE /* Unmineable-icon-new.png in Resources */,
			);
			runOnlyForDeploymentPostprocessing = 0;
		};
		4EE5314326F6D775006EB98A /* Resources */ = {
			isa = PBXResourcesBuildPhase;
			buildActionMask = 2147483647;
			files = (
				4E1263D52703DC7600136DBE /* Unmineable-icon-new.png in Resources */,
				4E56F15C26FD4B9500C0B4DC /* Poppins-Regular.ttf in Resources */,
				4EE5315426F6D775006EB98A /* Assets.xcassets in Resources */,
				4E56F15926FD4B5E00C0B4DC /* FredokaOne-Regular.ttf in Resources */,
			);
			runOnlyForDeploymentPostprocessing = 0;
		};
		4EE7D67A26C76B7600FBC879 /* Resources */ = {
			isa = PBXResourcesBuildPhase;
			buildActionMask = 2147483647;
			files = (
				4EA8EFAF2702A30F0022D0AA /* FredokaOne-Regular.ttf in Resources */,
				4EA8EFAE2702A3060022D0AA /* Poppins-Regular.ttf in Resources */,
				4E269B5926D02F8B00BF0353 /* api_docs.txt in Resources */,
				4E269B5B26D032AA00BF0353 /* architecture.txt in Resources */,
				4EE7D68626C76B7600FBC879 /* Assets.xcassets in Resources */,
				4EE7D68926C76B7600FBC879 /* Main.storyboard in Resources */,
				4E58B1FB26EFC35F00C99C48 /* address_list.plist in Resources */,
				4E1263D22703DC7600136DBE /* Unmineable-icon-new.png in Resources */,
			);
			runOnlyForDeploymentPostprocessing = 0;
		};
/* End PBXResourcesBuildPhase section */

/* Begin PBXSourcesBuildPhase section */
		4EA6D22F26F4B83300C1AA9C /* Sources */ = {
			isa = PBXSourcesBuildPhase;
			buildActionMask = 2147483647;
			files = (
				4EA6D23D26F4B83400C1AA9C /* ViewController.m in Sources */,
				4EA6D23726F4B83400C1AA9C /* AppDelegate.m in Sources */,
				4EA6D24826F4B83500C1AA9C /* main.m in Sources */,
				4E1263DC2703E81F00136DBE /* architecture.txt in Sources */,
				4E1263D92703E41800136DBE /* UtilColor.m in Sources */,
			);
			runOnlyForDeploymentPostprocessing = 0;
		};
		4EE5314126F6D775006EB98A /* Sources */ = {
			isa = PBXSourcesBuildPhase;
			buildActionMask = 2147483647;
			files = (
				4EE5314F26F6D775006EB98A /* ExtensionDelegate.m in Sources */,
				4EE5314C26F6D775006EB98A /* InterfaceController.m in Sources */,
				4EE5315226F6D775006EB98A /* NotificationController.m in Sources */,
				4E1263DD2703E81F00136DBE /* architecture.txt in Sources */,
				4E1263DA2703E41800136DBE /* UtilColor.m in Sources */,
			);
			runOnlyForDeploymentPostprocessing = 0;
		};
		4EE7D67826C76B7600FBC879 /* Sources */ = {
			isa = PBXSourcesBuildPhase;
			buildActionMask = 2147483647;
			files = (
				4EE7D68C26C76B7600FBC879 /* main.m in Sources */,
				4EAD700626DAD26B003CC3BB /* UnmineableMainView.m in Sources */,
				4EAD701326DD8D15003CC3BB /* NSMenu.m in Sources */,
				4E269B5726CCE61000BF0353 /* UnmineableTextField.m in Sources */,
				4EAB217B26C79C020088B934 /* MainViewController.m in Sources */,
				4EAD700326D9AFA1003CC3BB /* NetworkRequest.m in Sources */,
				4EE5D97026CB23B400DB1AB7 /* UtilColor.m in Sources */,
				4EE7D68126C76B7600FBC879 /* AppDelegate.m in Sources */,
				4E366B7D26D5C0F9006C6D64 /* UnmineableWindow.m in Sources */,
				4EE5D96C26CA667900DB1AB7 /* Util.m in Sources */,
				4E269B5E26D145F000BF0353 /* UnmineableTextFieldCell.m in Sources */,
			);
			runOnlyForDeploymentPostprocessing = 0;
		};
/* End PBXSourcesBuildPhase section */

/* Begin PBXTargetDependency section */
		4EE5314826F6D775006EB98A /* PBXTargetDependency */ = {
			isa = PBXTargetDependency;
			target = 4EE5314426F6D775006EB98A /* Unmineable-Watch Extension */;
			targetProxy = 4EE5314726F6D775006EB98A /* PBXContainerItemProxy */;
		};
		4EE5315826F6D775006EB98A /* PBXTargetDependency */ = {
			isa = PBXTargetDependency;
			target = 4EE5313826F6D773006EB98A /* Unmineable-Watch */;
			targetProxy = 4EE5315726F6D775006EB98A /* PBXContainerItemProxy */;
		};
/* End PBXTargetDependency section */

/* Begin PBXVariantGroup section */
		4EA6D23E26F4B83400C1AA9C /* Main.storyboard */ = {
			isa = PBXVariantGroup;
			children = (
				4EA6D23F26F4B83400C1AA9C /* Base */,
			);
			name = Main.storyboard;
			sourceTree = "<group>";
		};
		4EA6D24326F4B83500C1AA9C /* LaunchScreen.storyboard */ = {
			isa = PBXVariantGroup;
			children = (
				4EA6D24426F4B83500C1AA9C /* Base */,
			);
			name = LaunchScreen.storyboard;
			sourceTree = "<group>";
		};
		4EE5313B26F6D773006EB98A /* Interface.storyboard */ = {
			isa = PBXVariantGroup;
			children = (
				4EE5313C26F6D773006EB98A /* Base */,
			);
			name = Interface.storyboard;
			sourceTree = "<group>";
		};
		4EE7D68726C76B7600FBC879 /* Main.storyboard */ = {
			isa = PBXVariantGroup;
			children = (
				4EE7D68826C76B7600FBC879 /* Base */,
			);
			name = Main.storyboard;
			sourceTree = "<group>";
		};
/* End PBXVariantGroup section */

/* Begin XCBuildConfiguration section */
		4EA6D25F26F4B83500C1AA9C /* Debug */ = {
			isa = XCBuildConfiguration;
			buildSettings = {
				ASSETCATALOG_COMPILER_APPICON_NAME = AppIcon;
				CODE_SIGN_IDENTITY = "iPhone Developer: ultramau5.thingie@gmail.com (ND4AK2EEU4)";
				CODE_SIGN_STYLE = Automatic;
				DEVELOPMENT_TEAM = DJ3X3ADRG5;
				INFOPLIST_FILE = "Unmineable-iOS/Info.plist";
				IPHONEOS_DEPLOYMENT_TARGET = 12.1;
				LD_RUNPATH_SEARCH_PATHS = (
					"$(inherited)",
					"@executable_path/Frameworks",
				);
				OTHER_CODE_SIGN_FLAGS = "--deep";
				PRODUCT_BUNDLE_IDENTIFIER = "com.mau5atron.Unmineable-iOS";
				PRODUCT_NAME = "$(TARGET_NAME)";
				PROVISIONING_PROFILE_SPECIFIER = "";
				SDKROOT = iphoneos;
				TARGETED_DEVICE_FAMILY = "1,2";
			};
			name = Debug;
		};
		4EA6D26026F4B83500C1AA9C /* Release */ = {
			isa = XCBuildConfiguration;
			buildSettings = {
				ASSETCATALOG_COMPILER_APPICON_NAME = AppIcon;
				CODE_SIGN_IDENTITY = "iPhone Developer: ultramau5.thingie@gmail.com (ND4AK2EEU4)";
				CODE_SIGN_STYLE = Automatic;
				DEVELOPMENT_TEAM = DJ3X3ADRG5;
				INFOPLIST_FILE = "Unmineable-iOS/Info.plist";
				IPHONEOS_DEPLOYMENT_TARGET = 12.1;
				LD_RUNPATH_SEARCH_PATHS = (
					"$(inherited)",
					"@executable_path/Frameworks",
				);
				OTHER_CODE_SIGN_FLAGS = "--deep";
				PRODUCT_BUNDLE_IDENTIFIER = "com.mau5atron.Unmineable-iOS";
				PRODUCT_NAME = "$(TARGET_NAME)";
				PROVISIONING_PROFILE_SPECIFIER = "";
				SDKROOT = iphoneos;
				TARGETED_DEVICE_FAMILY = "1,2";
				VALIDATE_PRODUCT = YES;
			};
			name = Release;
		};
		4EE5315B26F6D775006EB98A /* Debug */ = {
			isa = XCBuildConfiguration;
			buildSettings = {
				ASSETCATALOG_COMPILER_COMPLICATION_NAME = Complication;
				CODE_SIGN_IDENTITY = "iPhone Developer";
				CODE_SIGN_STYLE = Automatic;
				DEVELOPMENT_TEAM = DJ3X3ADRG5;
				ENABLE_HARDENED_RUNTIME = NO;
				INFOPLIST_FILE = "Unmineable-Watch Extension/Info.plist";
				LD_RUNPATH_SEARCH_PATHS = (
					"$(inherited)",
					"@executable_path/Frameworks",
					"@executable_path/../../Frameworks",
				);
				OTHER_CODE_SIGN_FLAGS = "--deep";
				PRODUCT_BUNDLE_IDENTIFIER = "com.mau5atron.Unmineable-iOS.watchkitapp.extension";
				PRODUCT_NAME = "${TARGET_NAME}";
				PROVISIONING_PROFILE_SPECIFIER = "";
				SDKROOT = watchos;
				SKIP_INSTALL = YES;
				TARGETED_DEVICE_FAMILY = 4;
				WATCHOS_DEPLOYMENT_TARGET = 5.1;
			};
			name = Debug;
		};
		4EE5315C26F6D775006EB98A /* Release */ = {
			isa = XCBuildConfiguration;
			buildSettings = {
				ASSETCATALOG_COMPILER_COMPLICATION_NAME = Complication;
				CODE_SIGN_IDENTITY = "iPhone Developer";
				CODE_SIGN_STYLE = Automatic;
				DEVELOPMENT_TEAM = DJ3X3ADRG5;
				ENABLE_HARDENED_RUNTIME = NO;
				INFOPLIST_FILE = "Unmineable-Watch Extension/Info.plist";
				LD_RUNPATH_SEARCH_PATHS = (
					"$(inherited)",
					"@executable_path/Frameworks",
					"@executable_path/../../Frameworks",
				);
				OTHER_CODE_SIGN_FLAGS = "--deep";
				PRODUCT_BUNDLE_IDENTIFIER = "com.mau5atron.Unmineable-iOS.watchkitapp.extension";
				PRODUCT_NAME = "${TARGET_NAME}";
				PROVISIONING_PROFILE_SPECIFIER = "";
				SDKROOT = watchos;
				SKIP_INSTALL = YES;
				TARGETED_DEVICE_FAMILY = 4;
				VALIDATE_PRODUCT = YES;
				WATCHOS_DEPLOYMENT_TARGET = 5.1;
			};
			name = Release;
		};
		4EE5315F26F6D775006EB98A /* Debug */ = {
			isa = XCBuildConfiguration;
			buildSettings = {
				ASSETCATALOG_COMPILER_APPICON_NAME = AppIcon;
				CODE_SIGN_IDENTITY = "iPhone Developer: ultramau5.thingie@gmail.com (ND4AK2EEU4)";
				CODE_SIGN_STYLE = Automatic;
				DEVELOPMENT_TEAM = DJ3X3ADRG5;
				ENABLE_HARDENED_RUNTIME = NO;
				IBSC_MODULE = Unmineable_Watch_Extension;
				INFOPLIST_FILE = "Unmineable-Watch/Info.plist";
				OTHER_CODE_SIGN_FLAGS = "--deep";
				PRODUCT_BUNDLE_IDENTIFIER = "com.mau5atron.Unmineable-iOS.watchkitapp";
				PRODUCT_NAME = "$(TARGET_NAME)";
				PROVISIONING_PROFILE_SPECIFIER = "";
				SDKROOT = watchos;
				SKIP_INSTALL = YES;
				TARGETED_DEVICE_FAMILY = 4;
				WATCHOS_DEPLOYMENT_TARGET = 5.1;
			};
			name = Debug;
		};
		4EE5316026F6D775006EB98A /* Release */ = {
			isa = XCBuildConfiguration;
			buildSettings = {
				ASSETCATALOG_COMPILER_APPICON_NAME = AppIcon;
				CODE_SIGN_IDENTITY = "iPhone Developer: ultramau5.thingie@gmail.com (ND4AK2EEU4)";
				CODE_SIGN_STYLE = Automatic;
				DEVELOPMENT_TEAM = DJ3X3ADRG5;
				ENABLE_HARDENED_RUNTIME = NO;
				IBSC_MODULE = Unmineable_Watch_Extension;
				INFOPLIST_FILE = "Unmineable-Watch/Info.plist";
				OTHER_CODE_SIGN_FLAGS = "--deep";
				PRODUCT_BUNDLE_IDENTIFIER = "com.mau5atron.Unmineable-iOS.watchkitapp";
				PRODUCT_NAME = "$(TARGET_NAME)";
				PROVISIONING_PROFILE_SPECIFIER = "";
				SDKROOT = watchos;
				SKIP_INSTALL = YES;
				TARGETED_DEVICE_FAMILY = 4;
				VALIDATE_PRODUCT = YES;
				WATCHOS_DEPLOYMENT_TARGET = 5.1;
			};
			name = Release;
		};
		4EE7D6A426C76B7600FBC879 /* Debug */ = {
			isa = XCBuildConfiguration;
			buildSettings = {
				ALWAYS_SEARCH_USER_PATHS = NO;
				CLANG_ANALYZER_NONNULL = YES;
				CLANG_ANALYZER_NUMBER_OBJECT_CONVERSION = YES_AGGRESSIVE;
				CLANG_CXX_LANGUAGE_STANDARD = "gnu++14";
				CLANG_CXX_LIBRARY = "libc++";
				CLANG_ENABLE_MODULES = YES;
				CLANG_ENABLE_OBJC_ARC = YES;
				CLANG_ENABLE_OBJC_WEAK = YES;
				CLANG_WARN_BLOCK_CAPTURE_AUTORELEASING = YES;
				CLANG_WARN_BOOL_CONVERSION = YES;
				CLANG_WARN_COMMA = YES;
				CLANG_WARN_CONSTANT_CONVERSION = YES;
				CLANG_WARN_DEPRECATED_OBJC_IMPLEMENTATIONS = YES;
				CLANG_WARN_DIRECT_OBJC_ISA_USAGE = YES_ERROR;
				CLANG_WARN_DOCUMENTATION_COMMENTS = YES;
				CLANG_WARN_EMPTY_BODY = YES;
				CLANG_WARN_ENUM_CONVERSION = YES;
				CLANG_WARN_INFINITE_RECURSION = YES;
				CLANG_WARN_INT_CONVERSION = YES;
				CLANG_WARN_NON_LITERAL_NULL_CONVERSION = YES;
				CLANG_WARN_OBJC_IMPLICIT_RETAIN_SELF = YES;
				CLANG_WARN_OBJC_LITERAL_CONVERSION = YES;
				CLANG_WARN_OBJC_ROOT_CLASS = YES_ERROR;
				CLANG_WARN_RANGE_LOOP_ANALYSIS = YES;
				CLANG_WARN_STRICT_PROTOTYPES = YES;
				CLANG_WARN_SUSPICIOUS_MOVE = YES;
				CLANG_WARN_UNGUARDED_AVAILABILITY = YES_AGGRESSIVE;
				CLANG_WARN_UNREACHABLE_CODE = YES;
				CLANG_WARN__DUPLICATE_METHOD_MATCH = YES;
				CODE_SIGN_IDENTITY = "Mac Developer";
				COPY_PHASE_STRIP = NO;
				DEBUG_INFORMATION_FORMAT = dwarf;
				ENABLE_STRICT_OBJC_MSGSEND = YES;
				ENABLE_TESTABILITY = YES;
				GCC_C_LANGUAGE_STANDARD = gnu11;
				GCC_DYNAMIC_NO_PIC = NO;
				GCC_NO_COMMON_BLOCKS = YES;
				GCC_OPTIMIZATION_LEVEL = 0;
				GCC_PREPROCESSOR_DEFINITIONS = (
					"DEBUG=1",
					"$(inherited)",
				);
				GCC_WARN_64_TO_32_BIT_CONVERSION = YES;
				GCC_WARN_ABOUT_RETURN_TYPE = YES_ERROR;
				GCC_WARN_UNDECLARED_SELECTOR = YES;
				GCC_WARN_UNINITIALIZED_AUTOS = YES_AGGRESSIVE;
				GCC_WARN_UNUSED_FUNCTION = YES;
				GCC_WARN_UNUSED_VARIABLE = YES;
				IPHONEOS_DEPLOYMENT_TARGET = 13.2;
				MACOSX_DEPLOYMENT_TARGET = 10.13;
				MTL_ENABLE_DEBUG_INFO = INCLUDE_SOURCE;
				MTL_FAST_MATH = YES;
				ONLY_ACTIVE_ARCH = YES;
				SDKROOT = macosx;
			};
			name = Debug;
		};
		4EE7D6A526C76B7600FBC879 /* Release */ = {
			isa = XCBuildConfiguration;
			buildSettings = {
				ALWAYS_SEARCH_USER_PATHS = NO;
				CLANG_ANALYZER_NONNULL = YES;
				CLANG_ANALYZER_NUMBER_OBJECT_CONVERSION = YES_AGGRESSIVE;
				CLANG_CXX_LANGUAGE_STANDARD = "gnu++14";
				CLANG_CXX_LIBRARY = "libc++";
				CLANG_ENABLE_MODULES = YES;
				CLANG_ENABLE_OBJC_ARC = YES;
				CLANG_ENABLE_OBJC_WEAK = YES;
				CLANG_WARN_BLOCK_CAPTURE_AUTORELEASING = YES;
				CLANG_WARN_BOOL_CONVERSION = YES;
				CLANG_WARN_COMMA = YES;
				CLANG_WARN_CONSTANT_CONVERSION = YES;
				CLANG_WARN_DEPRECATED_OBJC_IMPLEMENTATIONS = YES;
				CLANG_WARN_DIRECT_OBJC_ISA_USAGE = YES_ERROR;
				CLANG_WARN_DOCUMENTATION_COMMENTS = YES;
				CLANG_WARN_EMPTY_BODY = YES;
				CLANG_WARN_ENUM_CONVERSION = YES;
				CLANG_WARN_INFINITE_RECURSION = YES;
				CLANG_WARN_INT_CONVERSION = YES;
				CLANG_WARN_NON_LITERAL_NULL_CONVERSION = YES;
				CLANG_WARN_OBJC_IMPLICIT_RETAIN_SELF = YES;
				CLANG_WARN_OBJC_LITERAL_CONVERSION = YES;
				CLANG_WARN_OBJC_ROOT_CLASS = YES_ERROR;
				CLANG_WARN_RANGE_LOOP_ANALYSIS = YES;
				CLANG_WARN_STRICT_PROTOTYPES = YES;
				CLANG_WARN_SUSPICIOUS_MOVE = YES;
				CLANG_WARN_UNGUARDED_AVAILABILITY = YES_AGGRESSIVE;
				CLANG_WARN_UNREACHABLE_CODE = YES;
				CLANG_WARN__DUPLICATE_METHOD_MATCH = YES;
				CODE_SIGN_IDENTITY = "Mac Developer";
				COPY_PHASE_STRIP = NO;
				DEBUG_INFORMATION_FORMAT = "dwarf-with-dsym";
				ENABLE_NS_ASSERTIONS = NO;
				ENABLE_STRICT_OBJC_MSGSEND = YES;
				GCC_C_LANGUAGE_STANDARD = gnu11;
				GCC_NO_COMMON_BLOCKS = YES;
				GCC_WARN_64_TO_32_BIT_CONVERSION = YES;
				GCC_WARN_ABOUT_RETURN_TYPE = YES_ERROR;
				GCC_WARN_UNDECLARED_SELECTOR = YES;
				GCC_WARN_UNINITIALIZED_AUTOS = YES_AGGRESSIVE;
				GCC_WARN_UNUSED_FUNCTION = YES;
				GCC_WARN_UNUSED_VARIABLE = YES;
				IPHONEOS_DEPLOYMENT_TARGET = 13.2;
				MACOSX_DEPLOYMENT_TARGET = 10.13;
				MTL_ENABLE_DEBUG_INFO = NO;
				MTL_FAST_MATH = YES;
				SDKROOT = macosx;
			};
			name = Release;
		};
		4EE7D6A726C76B7600FBC879 /* Debug */ = {
			isa = XCBuildConfiguration;
			buildSettings = {
				ASSETCATALOG_COMPILER_APPICON_NAME = AppIcon;
				CODE_SIGN_ENTITLEMENTS = Unmineable/Unmineable.entitlements;
				CODE_SIGN_IDENTITY = "Mac Developer";
				CODE_SIGN_STYLE = Automatic;
				COMBINE_HIDPI_IMAGES = YES;
				DEVELOPMENT_TEAM = DJ3X3ADRG5;
				INFOPLIST_FILE = Unmineable/Info.plist;
				LD_RUNPATH_SEARCH_PATHS = (
					"$(inherited)",
					"@executable_path/../Frameworks",
				);
				MACOSX_DEPLOYMENT_TARGET = 10.13;
				"OTHER_LDFLAGS[arch=*]" = "";
				PRODUCT_BUNDLE_IDENTIFIER = com.mau5atron.unmineable;
				PRODUCT_NAME = "$(TARGET_NAME)";
				PROVISIONING_PROFILE_SPECIFIER = "";
			};
			name = Debug;
		};
		4EE7D6A826C76B7600FBC879 /* Release */ = {
			isa = XCBuildConfiguration;
			buildSettings = {
				ASSETCATALOG_COMPILER_APPICON_NAME = AppIcon;
				CODE_SIGN_ENTITLEMENTS = Unmineable/Unmineable.entitlements;
				CODE_SIGN_IDENTITY = "Mac Developer";
				CODE_SIGN_STYLE = Automatic;
				COMBINE_HIDPI_IMAGES = YES;
				DEVELOPMENT_TEAM = DJ3X3ADRG5;
				INFOPLIST_FILE = Unmineable/Info.plist;
				LD_RUNPATH_SEARCH_PATHS = (
					"$(inherited)",
					"@executable_path/../Frameworks",
				);
				MACOSX_DEPLOYMENT_TARGET = 10.13;
				"OTHER_LDFLAGS[arch=*]" = "";
				PRODUCT_BUNDLE_IDENTIFIER = com.mau5atron.unmineable;
				PRODUCT_NAME = "$(TARGET_NAME)";
				PROVISIONING_PROFILE_SPECIFIER = "";
			};
			name = Release;
		};
/* End XCBuildConfiguration section */

/* Begin XCConfigurationList section */
		4EA6D26526F4B83500C1AA9C /* Build configuration list for PBXNativeTarget "Unmineable-iOS" */ = {
			isa = XCConfigurationList;
			buildConfigurations = (
				4EA6D25F26F4B83500C1AA9C /* Debug */,
				4EA6D26026F4B83500C1AA9C /* Release */,
			);
			defaultConfigurationIsVisible = 0;
			defaultConfigurationName = Release;
		};
		4EE5315A26F6D775006EB98A /* Build configuration list for PBXNativeTarget "Unmineable-Watch Extension" */ = {
			isa = XCConfigurationList;
			buildConfigurations = (
				4EE5315B26F6D775006EB98A /* Debug */,
				4EE5315C26F6D775006EB98A /* Release */,
			);
			defaultConfigurationIsVisible = 0;
			defaultConfigurationName = Release;
		};
		4EE5315E26F6D775006EB98A /* Build configuration list for PBXNativeTarget "Unmineable-Watch" */ = {
			isa = XCConfigurationList;
			buildConfigurations = (
				4EE5315F26F6D775006EB98A /* Debug */,
				4EE5316026F6D775006EB98A /* Release */,
			);
			defaultConfigurationIsVisible = 0;
			defaultConfigurationName = Release;
		};
		4EE7D67726C76B7600FBC879 /* Build configuration list for PBXProject "Unmineable" */ = {
			isa = XCConfigurationList;
			buildConfigurations = (
				4EE7D6A426C76B7600FBC879 /* Debug */,
				4EE7D6A526C76B7600FBC879 /* Release */,
			);
			defaultConfigurationIsVisible = 0;
			defaultConfigurationName = Release;
		};
		4EE7D6A626C76B7600FBC879 /* Build configuration list for PBXNativeTarget "Unmineable" */ = {
			isa = XCConfigurationList;
			buildConfigurations = (
				4EE7D6A726C76B7600FBC879 /* Debug */,
				4EE7D6A826C76B7600FBC879 /* Release */,
			);
			defaultConfigurationIsVisible = 0;
			defaultConfigurationName = Release;
		};
/* End XCConfigurationList section */
	};
	rootObject = 4EE7D67426C76B7600FBC879 /* Project object */;
}
